
Microsoft Visual Studio Solution File, Format Version 12.00
# Visual Studio Version 16
VisualStudioVersion = 16.0.29728.190
MinimumVisualStudioVersion = 10.0.40219.1
Project("{2150E333-8FDC-42A3-9474-1A3956D46DE8}") = "Cafe", "Cafe", "{82B15D3F-AC73-4731-8A25-A8F11A853994}"
EndProject
Project("{FAE04EC0-301F-11D3-BF4B-00C04F79EFBC}") = "01_Cafe_Repository", "01_Cafe_Repository\01_Cafe_Repository.csproj", "{AC494C49-A36B-47D0-8CA6-95D6969781AE}"
EndProject
Project("{FAE04EC0-301F-11D3-BF4B-00C04F79EFBC}") = "01_CafeConsole", "01_CafeConsole\01_CafeConsole.csproj", "{BD4CF0FD-9D7E-4A35-91A5-772323F9145B}"
EndProject
Project("{FAE04EC0-301F-11D3-BF4B-00C04F79EFBC}") = "01_CafeTest", "01_CafeTest\01_CafeTest.csproj", "{9E8E48EE-1A73-4482-9DFE-AD8104646D09}"
EndProject
Project("{FAE04EC0-301F-11D3-BF4B-00C04F79EFBC}") = "02_ClaimConsole", "ClaimConsole\02_ClaimConsole.csproj", "{E1CAB1E8-CD4F-45EA-A5C6-F5A70CD04498}"
EndProject
Project("{FAE04EC0-301F-11D3-BF4B-00C04F79EFBC}") = "02_Claim_Repository", "ClaimRepo\02_Claim_Repository.csproj", "{8CDD7CB8-107D-4DC5-A795-F24F64E6915A}"
EndProject
Project("{2150E333-8FDC-42A3-9474-1A3956D46DE8}") = "Claim", "Claim", "{C2537171-E654-4974-A347-2B5DE56D8E10}"
EndProject
Project("{FAE04EC0-301F-11D3-BF4B-00C04F79EFBC}") = "02_ClaimRepoTest", "02_ClaimRepoTest\02_ClaimRepoTest.csproj", "{B850CCF6-14EC-499C-9552-ED90AC815894}"
EndProject
Project("{FAE04EC0-301F-11D3-BF4B-00C04F79EFBC}") = "02_Claim_Repo", "02_Claim_Repo\02_Claim_Repo.csproj", "{29052891-0523-4E9F-B325-494C24025695}"
EndProject
Project("{FAE04EC0-301F-11D3-BF4B-00C04F79EFBC}") = "02_ClaimsConsole", "02_ClaimsConsole\02_ClaimsConsole.csproj", "{2063D2A7-FC5D-4CCF-A430-7B8D270BD816}"
EndProject
Project("{2150E333-8FDC-42A3-9474-1A3956D46DE8}") = "Badges", "Badges", "{79BC2F88-350F-4118-B6B2-56D5348C3D87}"
EndProject
Project("{FAE04EC0-301F-11D3-BF4B-00C04F79EFBC}") = "03_BadgeConsole", "03_BadgeConsole\03_BadgeConsole.csproj", "{8FBA61BB-51E8-44D5-8531-8975F5189F6D}"
EndProject
Project("{FAE04EC0-301F-11D3-BF4B-00C04F79EFBC}") = "03_BadgeRepository", "03_BadgeRepository\03_BadgeRepository.csproj", "{19658BA4-586D-4A08-9F14-6DA7A6BC6592}"
EndProject
Project("{FAE04EC0-301F-11D3-BF4B-00C04F79EFBC}") = "03_BadgeTest", "03_BadgeTest\03_BadgeTest.csproj", "{4F581CA2-2964-443D-BBD1-633072BA5786}"
EndProject
Global
	GlobalSection(SolutionConfigurationPlatforms) = preSolution
		Debug|Any CPU = Debug|Any CPU
		Release|Any CPU = Release|Any CPU
	EndGlobalSection
	GlobalSection(ProjectConfigurationPlatforms) = postSolution
		{AC494C49-A36B-47D0-8CA6-95D6969781AE}.Debug|Any CPU.ActiveCfg = Debug|Any CPU
		{AC494C49-A36B-47D0-8CA6-95D6969781AE}.Debug|Any CPU.Build.0 = Debug|Any CPU
		{AC494C49-A36B-47D0-8CA6-95D6969781AE}.Release|Any CPU.ActiveCfg = Release|Any CPU
		{AC494C49-A36B-47D0-8CA6-95D6969781AE}.Release|Any CPU.Build.0 = Release|Any CPU
		{BD4CF0FD-9D7E-4A35-91A5-772323F9145B}.Debug|Any CPU.ActiveCfg = Debug|Any CPU
		{BD4CF0FD-9D7E-4A35-91A5-772323F9145B}.Debug|Any CPU.Build.0 = Debug|Any CPU
		{BD4CF0FD-9D7E-4A35-91A5-772323F9145B}.Release|Any CPU.ActiveCfg = Release|Any CPU
		{BD4CF0FD-9D7E-4A35-91A5-772323F9145B}.Release|Any CPU.Build.0 = Release|Any CPU
		{9E8E48EE-1A73-4482-9DFE-AD8104646D09}.Debug|Any CPU.ActiveCfg = Debug|Any CPU
		{9E8E48EE-1A73-4482-9DFE-AD8104646D09}.Debug|Any CPU.Build.0 = Debug|Any CPU
		{9E8E48EE-1A73-4482-9DFE-AD8104646D09}.Release|Any CPU.ActiveCfg = Release|Any CPU
		{9E8E48EE-1A73-4482-9DFE-AD8104646D09}.Release|Any CPU.Build.0 = Release|Any CPU
		{E1CAB1E8-CD4F-45EA-A5C6-F5A70CD04498}.Debug|Any CPU.ActiveCfg = Debug|Any CPU
		{E1CAB1E8-CD4F-45EA-A5C6-F5A70CD04498}.Debug|Any CPU.Build.0 = Debug|Any CPU
		{E1CAB1E8-CD4F-45EA-A5C6-F5A70CD04498}.Release|Any CPU.ActiveCfg = Release|Any CPU
		{E1CAB1E8-CD4F-45EA-A5C6-F5A70CD04498}.Release|Any CPU.Build.0 = Release|Any CPU
		{8CDD7CB8-107D-4DC5-A795-F24F64E6915A}.Debug|Any CPU.ActiveCfg = Debug|Any CPU
		{8CDD7CB8-107D-4DC5-A795-F24F64E6915A}.Debug|Any CPU.Build.0 = Debug|Any CPU
		{8CDD7CB8-107D-4DC5-A795-F24F64E6915A}.Release|Any CPU.ActiveCfg = Release|Any CPU
		{8CDD7CB8-107D-4DC5-A795-F24F64E6915A}.Release|Any CPU.Build.0 = Release|Any CPU
		{B850CCF6-14EC-499C-9552-ED90AC815894}.Debug|Any CPU.ActiveCfg = Debug|Any CPU
		{B850CCF6-14EC-499C-9552-ED90AC815894}.Debug|Any CPU.Build.0 = Debug|Any CPU
		{B850CCF6-14EC-499C-9552-ED90AC815894}.Release|Any CPU.ActiveCfg = Release|Any CPU
		{B850CCF6-14EC-499C-9552-ED90AC815894}.Release|Any CPU.Build.0 = Release|Any CPU
		{29052891-0523-4E9F-B325-494C24025695}.Debug|Any CPU.ActiveCfg = Debug|Any CPU
		{29052891-0523-4E9F-B325-494C24025695}.Debug|Any CPU.Build.0 = Debug|Any CPU
		{29052891-0523-4E9F-B325-494C24025695}.Release|Any CPU.ActiveCfg = Release|Any CPU
		{29052891-0523-4E9F-B325-494C24025695}.Release|Any CPU.Build.0 = Release|Any CPU
		{2063D2A7-FC5D-4CCF-A430-7B8D270BD816}.Debug|Any CPU.ActiveCfg = Debug|Any CPU
		{2063D2A7-FC5D-4CCF-A430-7B8D270BD816}.Debug|Any CPU.Build.0 = Debug|Any CPU
		{2063D2A7-FC5D-4CCF-A430-7B8D270BD816}.Release|Any CPU.ActiveCfg = Release|Any CPU
		{2063D2A7-FC5D-4CCF-A430-7B8D270BD816}.Release|Any CPU.Build.0 = Release|Any CPU
		{8FBA61BB-51E8-44D5-8531-8975F5189F6D}.Debug|Any CPU.ActiveCfg = Debug|Any CPU
		{8FBA61BB-51E8-44D5-8531-8975F5189F6D}.Debug|Any CPU.Build.0 = Debug|Any CPU
		{8FBA61BB-51E8-44D5-8531-8975F5189F6D}.Release|Any CPU.ActiveCfg = Release|Any CPU
		{8FBA61BB-51E8-44D5-8531-8975F5189F6D}.Release|Any CPU.Build.0 = Release|Any CPU
		{19658BA4-586D-4A08-9F14-6DA7A6BC6592}.Debug|Any CPU.ActiveCfg = Debug|Any CPU
		{19658BA4-586D-4A08-9F14-6DA7A6BC6592}.Debug|Any CPU.Build.0 = Debug|Any CPU
		{19658BA4-586D-4A08-9F14-6DA7A6BC6592}.Release|Any CPU.ActiveCfg = Release|Any CPU
		{19658BA4-586D-4A08-9F14-6DA7A6BC6592}.Release|Any CPU.Build.0 = Release|Any CPU
		{4F581CA2-2964-443D-BBD1-633072BA5786}.Debug|Any CPU.ActiveCfg = Debug|Any CPU
		{4F581CA2-2964-443D-BBD1-633072BA5786}.Debug|Any CPU.Build.0 = Debug|Any CPU
		{4F581CA2-2964-443D-BBD1-633072BA5786}.Release|Any CPU.ActiveCfg = Release|Any CPU
		{4F581CA2-2964-443D-BBD1-633072BA5786}.Release|Any CPU.Build.0 = Release|Any CPU
	EndGlobalSection
	GlobalSection(SolutionProperties) = preSolution
		HideSolutionNode = FALSE
	EndGlobalSection
	GlobalSection(NestedProjects) = preSolution
		{AC494C49-A36B-47D0-8CA6-95D6969781AE} = {82B15D3F-AC73-4731-8A25-A8F11A853994}
		{BD4CF0FD-9D7E-4A35-91A5-772323F9145B} = {82B15D3F-AC73-4731-8A25-A8F11A853994}
		{9E8E48EE-1A73-4482-9DFE-AD8104646D09} = {82B15D3F-AC73-4731-8A25-A8F11A853994}
		{E1CAB1E8-CD4F-45EA-A5C6-F5A70CD04498} = {C2537171-E654-4974-A347-2B5DE56D8E10}
		{8CDD7CB8-107D-4DC5-A795-F24F64E6915A} = {C2537171-E654-4974-A347-2B5DE56D8E10}
		{B850CCF6-14EC-499C-9552-ED90AC815894} = {C2537171-E654-4974-A347-2B5DE56D8E10}
		{29052891-0523-4E9F-B325-494C24025695} = {C2537171-E654-4974-A347-2B5DE56D8E10}
		{2063D2A7-FC5D-4CCF-A430-7B8D270BD816} = {C2537171-E654-4974-A347-2B5DE56D8E10}
		{8FBA61BB-51E8-44D5-8531-8975F5189F6D} = {79BC2F88-350F-4118-B6B2-56D5348C3D87}
		{19658BA4-586D-4A08-9F14-6DA7A6BC6592} = {79BC2F88-350F-4118-B6B2-56D5348C3D87}
		{4F581CA2-2964-443D-BBD1-633072BA5786} = {79BC2F88-350F-4118-B6B2-56D5348C3D87}
	EndGlobalSection
	GlobalSection(ExtensibilityGlobals) = postSolution
		SolutionGuid = {38E11719-FF96-4216-9E04-92ABCD87F8AB}
	EndGlobalSection
EndGlobal
